# THIS IS AN AUTOGENERATED FILE. DO NOT EDIT THIS FILE DIRECTLY.
# yarn lockfile v1


vant-weapp@^0.5.0-beta2:
  version "0.5.0-beta2"
  resolved "https://registry.yarnpkg.com/vant-weapp/-/vant-weapp-0.5.0-beta2.tgz#737e2e3faa18b2e418e1bc7fbcdec1f0fced9764"
  integrity sha512-YrwUjWenl21e/sppDyG5UbJoo7d/3rULzSxWYZfKG/6eLfDORWEaVlkgLu4v+OVWRpJsFfmRedgkweoH5lZACQ==
